
Microsoft Visual Studio Solution File, Format Version 12.00
# Visual Studio Version 17
VisualStudioVersion = 17.2.32616.157
MinimumVisualStudioVersion = 10.0.40219.1
Project("{FAE04EC0-301F-11D3-BF4B-00C04F79EFBC}") = "Producer", "Producer\Producer.csproj", "{5B617C58-6B5E-47EA-BB4A-C62273AB64AB}"
EndProject
Global
	GlobalSection(SolutionConfigurationPlatforms) = preSolution
		Debug|Any CPU = Debug|Any CPU
		Release|Any CPU = Release|Any CPU
	EndGlobalSection
	GlobalSection(ProjectConfigurationPlatforms) = postSolution
		{5B617C58-6B5E-47EA-BB4A-C62273AB64AB}.Debug|Any CPU.ActiveCfg = Debug|Any CPU
		{5B617C58-6B5E-47EA-BB4A-C62273AB64AB}.Debug|Any CPU.Build.0 = Debug|Any CPU
		{5B617C58-6B5E-47EA-BB4A-C62273AB64AB}.Release|Any CPU.ActiveCfg = Release|Any CPU
		{5B617C58-6B5E-47EA-BB4A-C62273AB64AB}.Release|Any CPU.Build.0 = Release|Any CPU
	EndGlobalSection
	GlobalSection(SolutionProperties) = preSolution
		HideSolutionNode = FALSE
	EndGlobalSection
	GlobalSection(ExtensibilityGlobals) = postSolution
		SolutionGuid = {BFCC87F8-5EA0-4EF2-8FFC-4F4052F5E273}
	EndGlobalSection
EndGlobal
